# THIS IS AN AUTOGENERATED FILE. DO NOT EDIT THIS FILE DIRECTLY.
# yarn lockfile v1


"@figma/plugin-typings@^1.57.1":
  version "1.58.0"
  resolved "https://registry.yarnpkg.com/@figma/plugin-typings/-/plugin-typings-1.58.0.tgz#88ae0e57e2ac74203d401f2a70e95e93c470e093"
  integrity sha512-to6hFysqZYACz4VNgaBXflOVS+1pbXGNVcezDmQEMcADDkIZeAZ71Zfqf/B2YDRmU3sM1xX5Q5NkRGhjCuLOLg==

typescript@*:
  version "4.9.5"
  resolved "https://registry.yarnpkg.com/typescript/-/typescript-4.9.5.tgz#095979f9bcc0d09da324d58d03ce8f8374cbe65a"
  integrity sha512-1FXk9E2Hm+QzZQ7z+McJiHL4NW1F2EzMu9Nq9i3zAaGqibafqYwCVU6WyWAuyQRRzOlxou8xZSyXLEN8oKj24g==
